
Microsoft Visual Studio Solution File, Format Version 12.00
# Visual Studio Version 17
VisualStudioVersion = 17.5.002.0
MinimumVisualStudioVersion = 10.0.40219.1
Project("{9A19103F-16F7-4668-BE54-9A1E7A4F7556}") = "AzureFunction", "AzureFunction.csproj", "{31683E86-57F9-4664-ACF8-260173198F7C}"
EndProject
Global
	GlobalSection(SolutionConfigurationPlatforms) = preSolution
		Debug|Any CPU = Debug|Any CPU
		Release|Any CPU = Release|Any CPU
	EndGlobalSection
	GlobalSection(ProjectConfigurationPlatforms) = postSolution
		{31683E86-57F9-4664-ACF8-260173198F7C}.Debug|Any CPU.ActiveCfg = Debug|Any CPU
		{31683E86-57F9-4664-ACF8-260173198F7C}.Debug|Any CPU.Build.0 = Debug|Any CPU
		{31683E86-57F9-4664-ACF8-260173198F7C}.Release|Any CPU.ActiveCfg = Release|Any CPU
		{31683E86-57F9-4664-ACF8-260173198F7C}.Release|Any CPU.Build.0 = Release|Any CPU
	EndGlobalSection
	GlobalSection(SolutionProperties) = preSolution
		HideSolutionNode = FALSE
	EndGlobalSection
	GlobalSection(ExtensibilityGlobals) = postSolution
		SolutionGuid = {E169440E-55CB-4B2C-9A3A-BAE1880FDE64}
	EndGlobalSection
EndGlobal
